# This file is automatically @generated by Cargo.
# It is not intended for manual editing.
version = 4

[[package]]
name = "kime"
version = "0.0.1"
dependencies = [
 "kime-core",
]

[[package]]
name = "kime-ane"
version = "0.0.1"
dependencies = [
 "kime-tensor",
]

[[package]]
name = "kime-cli"
version = "0.0.1"
dependencies = [
 "kime",
]

[[package]]
name = "kime-core"
version = "0.0.1"

[[package]]
name = "kime-cpu"
version = "0.0.1"
dependencies = [
 "kime-tensor",
]

[[package]]
name = "kime-cuda"
version = "0.0.1"
dependencies = [
 "kime-tensor",
]

[[package]]
name = "kime-engine"
version = "0.0.1"
dependencies = [
 "kime-core",
 "kime-model",
 "kime-tensor",
]

[[package]]
name = "kime-eval"
version = "0.0.1"
dependencies = [
 "kime-core",
]

[[package]]
name = "kime-metal"
version = "0.0.1"
dependencies = [
 "kime-tensor",
]

[[package]]
name = "kime-model"
version = "0.0.1"
dependencies = [
 "kime-core",
]

[[package]]
name = "kime-route"
version = "0.0.1"
dependencies = [
 "kime-core",
]

[[package]]
name = "kime-serve"
version = "0.0.1"
dependencies = [
 "kime-core",
 "kime-engine",
]

[[package]]
name = "kime-tensor"
version = "0.0.1"

[[package]]
name = "kime-tok"
version = "0.0.1"

[[package]]
name = "kime-train"
version = "0.0.1"
dependencies = [
 "kime-core",
 "kime-model",
]

[[package]]
name = "xtask"
version = "0.0.1"
